
Microsoft Visual Studio Solution File, Format Version 12.00
# Visual Studio 2013
VisualStudioVersion = 12.0.40629.0
MinimumVisualStudioVersion = 10.0.40219.1
Project("{FAE04EC0-301F-11D3-BF4B-00C04F79EFBC}") = "PaymentGateway.WebAPI", "PaymentGateway.WebAPI\PaymentGateway.WebAPI.csproj", "{F95A96F7-DB61-4E2A-905B-97018F31BE03}"
EndProject
Project("{FAE04EC0-301F-11D3-BF4B-00C04F79EFBC}") = "PaymentGateway.Domain", "PaymentGateway.Domain\PaymentGateway.Domain.csproj", "{86489B2E-901F-426D-94A4-D33C0BE7D13A}"
EndProject
Project("{FAE04EC0-301F-11D3-BF4B-00C04F79EFBC}") = "PaymentGateway.Libraries", "PaymentGateway.Libraries\PaymentGateway.Libraries.csproj", "{73CC6617-5538-459D-8B98-BF7ABE21CEC5}"
EndProject
Project("{FAE04EC0-301F-11D3-BF4B-00C04F79EFBC}") = "PaymentGateway.ClientConsoleUI", "PaymentGateway.ClientConsoleUI\PaymentGateway.ClientConsoleUI.csproj", "{2AACB6CA-BF91-4971-89F0-5B29940BE766}"
EndProject
Project("{FAE04EC0-301F-11D3-BF4B-00C04F79EFBC}") = "PaymentGateway.xUnitTests", "PaymentGateway.xUnitTests\PaymentGateway.xUnitTests.csproj", "{2E3DF5C2-8A38-4A03-86D7-8D463C917E47}"
EndProject
Project("{FAE04EC0-301F-11D3-BF4B-00C04F79EFBC}") = "PaymentGateway.DAL", "PaymentGateway.DAL\PaymentGateway.DAL.csproj", "{907681D9-62EA-44DD-A918-D24AD1B9E91F}"
EndProject
Global
	GlobalSection(SolutionConfigurationPlatforms) = preSolution
		Debug|Any CPU = Debug|Any CPU
		Release|Any CPU = Release|Any CPU
	EndGlobalSection
	GlobalSection(ProjectConfigurationPlatforms) = postSolution
		{F95A96F7-DB61-4E2A-905B-97018F31BE03}.Debug|Any CPU.ActiveCfg = Debug|Any CPU
		{F95A96F7-DB61-4E2A-905B-97018F31BE03}.Debug|Any CPU.Build.0 = Debug|Any CPU
		{F95A96F7-DB61-4E2A-905B-97018F31BE03}.Release|Any CPU.ActiveCfg = Release|Any CPU
		{F95A96F7-DB61-4E2A-905B-97018F31BE03}.Release|Any CPU.Build.0 = Release|Any CPU
		{86489B2E-901F-426D-94A4-D33C0BE7D13A}.Debug|Any CPU.ActiveCfg = Debug|Any CPU
		{86489B2E-901F-426D-94A4-D33C0BE7D13A}.Debug|Any CPU.Build.0 = Debug|Any CPU
		{86489B2E-901F-426D-94A4-D33C0BE7D13A}.Release|Any CPU.ActiveCfg = Release|Any CPU
		{86489B2E-901F-426D-94A4-D33C0BE7D13A}.Release|Any CPU.Build.0 = Release|Any CPU
		{73CC6617-5538-459D-8B98-BF7ABE21CEC5}.Debug|Any CPU.ActiveCfg = Debug|Any CPU
		{73CC6617-5538-459D-8B98-BF7ABE21CEC5}.Debug|Any CPU.Build.0 = Debug|Any CPU
		{73CC6617-5538-459D-8B98-BF7ABE21CEC5}.Release|Any CPU.ActiveCfg = Release|Any CPU
		{73CC6617-5538-459D-8B98-BF7ABE21CEC5}.Release|Any CPU.Build.0 = Release|Any CPU
		{2AACB6CA-BF91-4971-89F0-5B29940BE766}.Debug|Any CPU.ActiveCfg = Debug|Any CPU
		{2AACB6CA-BF91-4971-89F0-5B29940BE766}.Debug|Any CPU.Build.0 = Debug|Any CPU
		{2AACB6CA-BF91-4971-89F0-5B29940BE766}.Release|Any CPU.ActiveCfg = Release|Any CPU
		{2AACB6CA-BF91-4971-89F0-5B29940BE766}.Release|Any CPU.Build.0 = Release|Any CPU
		{2E3DF5C2-8A38-4A03-86D7-8D463C917E47}.Debug|Any CPU.ActiveCfg = Debug|Any CPU
		{2E3DF5C2-8A38-4A03-86D7-8D463C917E47}.Debug|Any CPU.Build.0 = Debug|Any CPU
		{2E3DF5C2-8A38-4A03-86D7-8D463C917E47}.Release|Any CPU.ActiveCfg = Release|Any CPU
		{2E3DF5C2-8A38-4A03-86D7-8D463C917E47}.Release|Any CPU.Build.0 = Release|Any CPU
		{907681D9-62EA-44DD-A918-D24AD1B9E91F}.Debug|Any CPU.ActiveCfg = Debug|Any CPU
		{907681D9-62EA-44DD-A918-D24AD1B9E91F}.Debug|Any CPU.Build.0 = Debug|Any CPU
		{907681D9-62EA-44DD-A918-D24AD1B9E91F}.Release|Any CPU.ActiveCfg = Release|Any CPU
		{907681D9-62EA-44DD-A918-D24AD1B9E91F}.Release|Any CPU.Build.0 = Release|Any CPU
	EndGlobalSection
	GlobalSection(SolutionProperties) = preSolution
		HideSolutionNode = FALSE
	EndGlobalSection
EndGlobal
